{
  "name": "json-async",
  "version": "1.0.0",
  "lockfileVersion": 3,
  "requires": true,
  "packages": {
    "": {
      "name": "json-async",
      "version": "1.0.0",
      "license": "ISC",
      "dependencies": {
        "node-addon-api": "^1.1.0",
        "simdjson": "^0.9.2",
        "yieldable-json": "^2.0.1"
      }
    },
    "node_modules/node-addon-api": {
      "version": "1.7.2",
      "resolved": "https://registry.npmjs.org/node-addon-api/-/node-addon-api-1.7.2.tgz",
      "integrity": "sha512-ibPK3iA+vaY1eEjESkQkM0BbCqFOaZMiXRTtdB0u7b4djtY6JnsjvPdUHVMg6xQt3B8fpTTWHI9A+ADjM9frzg=="
    },
    "node_modules/simdjson": {
      "version": "0.9.2",
      "resolved": "https://registry.npmjs.org/simdjson/-/simdjson-0.9.2.tgz",
      "integrity": "sha512-CW97acb8ty4EcxJGsCTrgxh1iiqLKbcuaIAte4DjPdoytK2ps1cRN1HpBJjIzqaL5cn1m/Dqc4AqA6NlKPPKKA==",
      "hasInstallScript": true,
      "dependencies": {
        "node-addon-api": "^2.0.0"
      }
    },
    "node_modules/simdjson/node_modules/node-addon-api": {
      "version": "2.0.2",
      "resolved": "https://registry.npmjs.org/node-addon-api/-/node-addon-api-2.0.2.tgz",
      "integrity": "sha512-Ntyt4AIXyaLIuMHF6IOoTakB3K+RWxwtsHNRxllEoA6vPwP9o4866g6YWDLUdnucilZhmkxiHwHr11gAENw+QA=="
    },
    "node_modules/yieldable-json": {
      "version": "2.0.1",
      "resolved": "https://registry.npmjs.org/yieldable-json/-/yieldable-json-2.0.1.tgz",
      "integrity": "sha512-kFDzXrWlXXt21MQPCul6gAMwwiLoz6XgCbQF+2qNChqdiZnc1SW3l/b/x/XzlZchG2iaVjDIDW5Fnz+sL+FbCw==",
      "engines": {
        "node": ">= 4.0.0"
      }
    }
  }
}
